// !$*UTF8*$!
{
	archiveVersion = 1;
	classes = {
	};
	objectVersion = 51;
	objects = {

/* Begin PBXBuildFile section */
		3669E14B535F4134C30B6792 /* Pods_IOSFinal1EV.framework in Frameworks */ = {isa = PBXBuildFile; fileRef = EC0A55731A3FD0B9A8D99E36 /* Pods_IOSFinal1EV.framework */; };
		DDD63C242392CF9E0058E220 /* GoogleService-Info.plist in Resources */ = {isa = PBXBuildFile; fileRef = DDD63C232392CF9E0058E220 /* GoogleService-Info.plist */; };
		DDE1E1AB2391A023001E8E04 /* AppDelegate.swift in Sources */ = {isa = PBXBuildFile; fileRef = DDE1E1AA2391A023001E8E04 /* AppDelegate.swift */; };
		DDE1E1AD2391A023001E8E04 /* SceneDelegate.swift in Sources */ = {isa = PBXBuildFile; fileRef = DDE1E1AC2391A023001E8E04 /* SceneDelegate.swift */; };
		DDE1E1AF2391A023001E8E04 /* ViewController.swift in Sources */ = {isa = PBXBuildFile; fileRef = DDE1E1AE2391A023001E8E04 /* ViewController.swift */; };
		DDE1E1B22391A023001E8E04 /* Main.storyboard in Resources */ = {isa = PBXBuildFile; fileRef = DDE1E1B02391A023001E8E04 /* Main.storyboard */; };
		DDE1E1B42391A026001E8E04 /* Assets.xcassets in Resources */ = {isa = PBXBuildFile; fileRef = DDE1E1B32391A026001E8E04 /* Assets.xcassets */; };
		DDE1E1B72391A026001E8E04 /* LaunchScreen.storyboard in Resources */ = {isa = PBXBuildFile; fileRef = DDE1E1B52391A026001E8E04 /* LaunchScreen.storyboard */; };
/* End PBXBuildFile section */

/* Begin PBXFileReference section */
		08D816FA0E20292D0836F778 /* Pods-IOSFinal1EV.debug.xcconfig */ = {isa = PBXFileReference; includeInIndex = 1; lastKnownFileType = text.xcconfig; name = "Pods-IOSFinal1EV.debug.xcconfig"; path = "Target Support Files/Pods-IOSFinal1EV/Pods-IOSFinal1EV.debug.xcconfig"; sourceTree = "<group>"; };
		937E8B6AB586E4D7E498AE34 /* Pods-IOSFinal1EV.release.xcconfig */ = {isa = PBXFileReference; includeInIndex = 1; lastKnownFileType = text.xcconfig; name = "Pods-IOSFinal1EV.release.xcconfig"; path = "Target Support Files/Pods-IOSFinal1EV/Pods-IOSFinal1EV.release.xcconfig"; sourceTree = "<group>"; };
		DDD63C232392CF9E0058E220 /* GoogleService-Info.plist */ = {isa = PBXFileReference; fileEncoding = 4; lastKnownFileType = text.plist.xml; path = "GoogleService-Info.plist"; sourceTree = "<group>"; };
		DDE1E1A72391A023001E8E04 /* IOSFinal1EV.app */ = {isa = PBXFileReference; explicitFileType = wrapper.application; includeInIndex = 0; path = IOSFinal1EV.app; sourceTree = BUILT_PRODUCTS_DIR; };
		DDE1E1AA2391A023001E8E04 /* AppDelegate.swift */ = {isa = PBXFileReference; lastKnownFileType = sourcecode.swift; path = AppDelegate.swift; sourceTree = "<group>"; };
		DDE1E1AC2391A023001E8E04 /* SceneDelegate.swift */ = {isa = PBXFileReference; lastKnownFileType = sourcecode.swift; path = SceneDelegate.swift; sourceTree = "<group>"; };
		DDE1E1AE2391A023001E8E04 /* ViewController.swift */ = {isa = PBXFileReference; lastKnownFileType = sourcecode.swift; path = ViewController.swift; sourceTree = "<group>"; };
		DDE1E1B12391A023001E8E04 /* Base */ = {isa = PBXFileReference; lastKnownFileType = file.storyboard; name = Base; path = Base.lproj/Main.storyboard; sourceTree = "<group>"; };
		DDE1E1B32391A026001E8E04 /* Assets.xcassets */ = {isa = PBXFileReference; lastKnownFileType = folder.assetcatalog; path = Assets.xcassets; sourceTree = "<group>"; };
		DDE1E1B62391A026001E8E04 /* Base */ = {isa = PBXFileReference; lastKnownFileType = file.storyboard; name = Base; path = Base.lproj/LaunchScreen.storyboard; sourceTree = "<group>"; };
		DDE1E1B82391A026001E8E04 /* Info.plist */ = {isa = PBXFileReference; lastKnownFileType = text.plist.xml; path = Info.plist; sourceTree = "<group>"; };
		EC0A55731A3FD0B9A8D99E36 /* Pods_IOSFinal1EV.framework */ = {isa = PBXFileReference; explicitFileType = wrapper.framework; includeInIndex = 0; path = Pods_IOSFinal1EV.framework; sourceTree = BUILT_PRODUCTS_DIR; };
/* End PBXFileReference section */

/* Begin PBXFrameworksBuildPhase section */
		DDE1E1A42391A022001E8E04 /* Frameworks */ = {
			isa = PBXFrameworksBuildPhase;
			buildActionMask = 2147483647;
			files = (
				3669E14B535F4134C30B6792 /* Pods_IOSFinal1EV.framework in Frameworks */,
			);
			runOnlyForDeploymentPostprocessing = 0;
		};
/* End PBXFrameworksBuildPhase section */

/* Begin PBXGroup section */
		D58CE06C879A1C8D215C958A /* Pods */ = {
			isa = PBXGroup;
			children = (
				08D816FA0E20292D0836F778 /* Pods-IOSFinal1EV.debug.xcconfig */,
				937E8B6AB586E4D7E498AE34 /* Pods-IOSFinal1EV.release.xcconfig */,
			);
			path = Pods;
			sourceTree = "<group>";
		};
		DDE1E19E2391A022001E8E04 = {
			isa = PBXGroup;
			children = (
				DDE1E1A92391A023001E8E04 /* IOSFinal1EV */,
				DDE1E1A82391A023001E8E04 /* Products */,
				D58CE06C879A1C8D215C958A /* Pods */,
				E35FFCB5668789821AFAEC91 /* Frameworks */,
			);
			sourceTree = "<group>";
		};
		DDE1E1A82391A023001E8E04 /* Products */ = {
			isa = PBXGroup;
			children = (
				DDE1E1A72391A023001E8E04 /* IOSFinal1EV.app */,
			);
			name = Products;
			sourceTree = "<group>";
		};
		DDE1E1A92391A023001E8E04 /* IOSFinal1EV */ = {
			isa = PBXGroup;
			children = (
				DDE1E1AA2391A023001E8E04 /* AppDelegate.swift */,
				DDE1E1AC2391A023001E8E04 /* SceneDelegate.swift */,
				DDE1E1AE2391A023001E8E04 /* ViewController.swift */,
				DDE1E1B02391A023001E8E04 /* Main.storyboard */,
				DDE1E1B32391A026001E8E04 /* Assets.xcassets */,
				DDE1E1B52391A026001E8E04 /* LaunchScreen.storyboard */,
				DDE1E1B82391A026001E8E04 /* Info.plist */,
				DDD63C232392CF9E0058E220 /* GoogleService-Info.plist */,
			);
			path = IOSFinal1EV;
			sourceTree = "<group>";
		};
		E35FFCB5668789821AFAEC91 /* Frameworks */ = {
			isa = PBXGroup;
			children = (
				EC0A55731A3FD0B9A8D99E36 /* Pods_IOSFinal1EV.framework */,
			);
			name = Frameworks;
			sourceTree = "<group>";
		};
/* End PBXGroup section */

/* Begin PBXNativeTarget section */
		DDE1E1A62391A022001E8E04 /* IOSFinal1EV */ = {
			isa = PBXNativeTarget;
			buildConfigurationList = DDE1E1BB2391A026001E8E04 /* Build configuration list for PBXNativeTarget "IOSFinal1EV" */;
			buildPhases = (
				1DF3749AE0C701CFE6F8C55B /* [CP] Check Pods Manifest.lock */,
				DDE1E1A32391A022001E8E04 /* Sources */,
				DDE1E1A42391A022001E8E04 /* Frameworks */,
				DDE1E1A52391A022001E8E04 /* Resources */,
				B267A43C60EEA40033C67F7F /* [CP] Embed Pods Frameworks */,
				2897788394BD8C6D1E2018DF /* [CP] Copy Pods Resources */,
			);
			buildRules = (
			);
			dependencies = (
			);
			name = IOSFinal1EV;
			productName = IOSFinal1EV;
			productReference = DDE1E1A72391A023001E8E04 /* IOSFinal1EV.app */;
			productType = "com.apple.product-type.application";
		};
/* End PBXNativeTarget section */

/* Begin PBXProject section */
		DDE1E19F2391A022001E8E04 /* Project object */ = {
			isa = PBXProject;
			attributes = {
				LastSwiftUpdateCheck = 1100;
				LastUpgradeCheck = 1100;
				ORGANIZATIONNAME = "Manu Espeso";
				TargetAttributes = {
					DDE1E1A62391A022001E8E04 = {
						CreatedOnToolsVersion = 11.0;
					};
				};
			};
			buildConfigurationList = DDE1E1A22391A022001E8E04 /* Build configuration list for PBXProject "IOSFinal1EV" */;
			compatibilityVersion = "Xcode 9.3";
			developmentRegion = en;
			hasScannedForEncodings = 0;
			knownRegions = (
				en,
				Base,
			);
			mainGroup = DDE1E19E2391A022001E8E04;
			productRefGroup = DDE1E1A82391A023001E8E04 /* Products */;
			projectDirPath = "";
			projectRoot = "";
			targets = (
				DDE1E1A62391A022001E8E04 /* IOSFinal1EV */,
			);
		};
/* End PBXProject section */

/* Begin PBXResourcesBuildPhase section */
		DDE1E1A52391A022001E8E04 /* Resources */ = {
			isa = PBXResourcesBuildPhase;
			buildActionMask = 2147483647;
			files = (
				DDE1E1B72391A026001E8E04 /* LaunchScreen.storyboard in Resources */,
				DDD63C242392CF9E0058E220 /* GoogleService-Info.plist in Resources */,
				DDE1E1B42391A026001E8E04 /* Assets.xcassets in Resources */,
				DDE1E1B22391A023001E8E04 /* Main.storyboard in Resources */,
			);
			runOnlyForDeploymentPostprocessing = 0;
		};
/* End PBXResourcesBuildPhase section */

/* Begin PBXShellScriptBuildPhase section */
		1DF3749AE0C701CFE6F8C55B /* [CP] Check Pods Manifest.lock */ = {
			isa = PBXShellScriptBuildPhase;
			buildActionMask = 2147483647;
			files = (
			);
			inputFileListPaths = (
			);
			inputPaths = (
				"${PODS_PODFILE_DIR_PATH}/Podfile.lock",
				"${PODS_ROOT}/Manifest.lock",
			);
			name = "[CP] Check Pods Manifest.lock";
			outputFileListPaths = (
			);
			outputPaths = (
				"$(DERIVED_FILE_DIR)/Pods-IOSFinal1EV-checkManifestLockResult.txt",
			);
			runOnlyForDeploymentPostprocessing = 0;
			shellPath = /bin/sh;
			shellScript = "diff \"${PODS_PODFILE_DIR_PATH}/Podfile.lock\" \"${PODS_ROOT}/Manifest.lock\" > /dev/null\nif [ $? != 0 ] ; then\n    # print error to STDERR\n    echo \"error: The sandbox is not in sync with the Podfile.lock. Run 'pod install' or update your CocoaPods installation.\" >&2\n    exit 1\nfi\n# This output is used by Xcode 'outputs' to avoid re-running this script phase.\necho \"SUCCESS\" > \"${SCRIPT_OUTPUT_FILE_0}\"\n";
			showEnvVarsInLog = 0;
		};
		2897788394BD8C6D1E2018DF /* [CP] Copy Pods Resources */ = {
			isa = PBXShellScriptBuildPhase;
			buildActionMask = 2147483647;
			files = (
			);
			inputFileListPaths = (
				"${PODS_ROOT}/Target Support Files/Pods-IOSFinal1EV/Pods-IOSFinal1EV-resources-${CONFIGURATION}-input-files.xcfilelist",
			);
			name = "[CP] Copy Pods Resources";
			outputFileListPaths = (
				"${PODS_ROOT}/Target Support Files/Pods-IOSFinal1EV/Pods-IOSFinal1EV-resources-${CONFIGURATION}-output-files.xcfilelist",
			);
			runOnlyForDeploymentPostprocessing = 0;
			shellPath = /bin/sh;
			shellScript = "\"${PODS_ROOT}/Target Support Files/Pods-IOSFinal1EV/Pods-IOSFinal1EV-resources.sh\"\n";
			showEnvVarsInLog = 0;
		};
		B267A43C60EEA40033C67F7F /* [CP] Embed Pods Frameworks */ = {
			isa = PBXShellScriptBuildPhase;
			buildActionMask = 2147483647;
			files = (
			);
			inputFileListPaths = (
				"${PODS_ROOT}/Target Support Files/Pods-IOSFinal1EV/Pods-IOSFinal1EV-frameworks-${CONFIGURATION}-input-files.xcfilelist",
			);
			name = "[CP] Embed Pods Frameworks";
			outputFileListPaths = (
				"${PODS_ROOT}/Target Support Files/Pods-IOSFinal1EV/Pods-IOSFinal1EV-frameworks-${CONFIGURATION}-output-files.xcfilelist",
			);
			runOnlyForDeploymentPostprocessing = 0;
			shellPath = /bin/sh;
			shellScript = "\"${PODS_ROOT}/Target Support Files/Pods-IOSFinal1EV/Pods-IOSFinal1EV-frameworks.sh\"\n";
			showEnvVarsInLog = 0;
		};
/* End PBXShellScriptBuildPhase section */

/* Begin PBXSourcesBuildPhase section */
		DDE1E1A32391A022001E8E04 /* Sources */ = {
			isa = PBXSourcesBuildPhase;
			buildActionMask = 2147483647;
			files = (
				DDE1E1AF2391A023001E8E04 /* ViewController.swift in Sources */,
				DDE1E1AB2391A023001E8E04 /* AppDelegate.swift in Sources */,
				DDE1E1AD2391A023001E8E04 /* SceneDelegate.swift in Sources */,
			);
			runOnlyForDeploymentPostprocessing = 0;
		};
/* End PBXSourcesBuildPhase section */

/* Begin PBXVariantGroup section */
		DDE1E1B02391A023001E8E04 /* Main.storyboard */ = {
			isa = PBXVariantGroup;
			children = (
				DDE1E1B12391A023001E8E04 /* Base */,
			);
			name = Main.storyboard;
			sourceTree = "<group>";
		};
		DDE1E1B52391A026001E8E04 /* LaunchScreen.storyboard */ = {
			isa = PBXVariantGroup;
			children = (
				DDE1E1B62391A026001E8E04 /* Base */,
			);
			name = LaunchScreen.storyboard;
			sourceTree = "<group>";
		};
/* End PBXVariantGroup section */

/* Begin XCBuildConfiguration section */
		DDE1E1B92391A026001E8E04 /* Debug */ = {
			isa = XCBuildConfiguration;
			buildSettings = {
				ALWAYS_SEARCH_USER_PATHS = NO;
				CLANG_ANALYZER_NONNULL = YES;
				CLANG_ANALYZER_NUMBER_OBJECT_CONVERSION = YES_AGGRESSIVE;
				CLANG_CXX_LANGUAGE_STANDARD = "gnu++14";
				CLANG_CXX_LIBRARY = "libc++";
				CLANG_ENABLE_MODULES = YES;
				CLANG_ENABLE_OBJC_ARC = YES;
				CLANG_ENABLE_OBJC_WEAK = YES;
				CLANG_WARN_BLOCK_CAPTURE_AUTORELEASING = YES;
				CLANG_WARN_BOOL_CONVERSION = YES;
				CLANG_WARN_COMMA = YES;
				CLANG_WARN_CONSTANT_CONVERSION = YES;
				CLANG_WARN_DEPRECATED_OBJC_IMPLEMENTATIONS = YES;
				CLANG_WARN_DIRECT_OBJC_ISA_USAGE = YES_ERROR;
				CLANG_WARN_DOCUMENTATION_COMMENTS = YES;
				CLANG_WARN_EMPTY_BODY = YES;
				CLANG_WARN_ENUM_CONVERSION = YES;
				CLANG_WARN_INFINITE_RECURSION = YES;
				CLANG_WARN_INT_CONVERSION = YES;
				CLANG_WARN_NON_LITERAL_NULL_CONVERSION = YES;
				CLANG_WARN_OBJC_IMPLICIT_RETAIN_SELF = YES;
				CLANG_WARN_OBJC_LITERAL_CONVERSION = YES;
				CLANG_WARN_OBJC_ROOT_CLASS = YES_ERROR;
				CLANG_WARN_RANGE_LOOP_ANALYSIS = YES;
				CLANG_WARN_STRICT_PROTOTYPES = YES;
				CLANG_WARN_SUSPICIOUS_MOVE = YES;
				CLANG_WARN_UNGUARDED_AVAILABILITY = YES_AGGRESSIVE;
				CLANG_WARN_UNREACHABLE_CODE = YES;
				CLANG_WARN__DUPLICATE_METHOD_MATCH = YES;
				COPY_PHASE_STRIP = NO;
				DEBUG_INFORMATION_FORMAT = dwarf;
				ENABLE_STRICT_OBJC_MSGSEND = YES;
				ENABLE_TESTABILITY = YES;
				GCC_C_LANGUAGE_STANDARD = gnu11;
				GCC_DYNAMIC_NO_PIC = NO;
				GCC_NO_COMMON_BLOCKS = YES;
				GCC_OPTIMIZATION_LEVEL = 0;
				GCC_PREPROCESSOR_DEFINITIONS = (
					"DEBUG=1",
					"$(inherited)",
				);
				GCC_WARN_64_TO_32_BIT_CONVERSION = YES;
				GCC_WARN_ABOUT_RETURN_TYPE = YES_ERROR;
				GCC_WARN_UNDECLARED_SELECTOR = YES;
				GCC_WARN_UNINITIALIZED_AUTOS = YES_AGGRESSIVE;
				GCC_WARN_UNUSED_FUNCTION = YES;
				GCC_WARN_UNUSED_VARIABLE = YES;
				IPHONEOS_DEPLOYMENT_TARGET = 13.0;
				MTL_ENABLE_DEBUG_INFO = INCLUDE_SOURCE;
				MTL_FAST_MATH = YES;
				ONLY_ACTIVE_ARCH = YES;
				SDKROOT = iphoneos;
				SWIFT_ACTIVE_COMPILATION_CONDITIONS = DEBUG;
				SWIFT_OPTIMIZATION_LEVEL = "-Onone";
			};
			name = Debug;
		};
		DDE1E1BA2391A026001E8E04 /* Release */ = {
			isa = XCBuildConfiguration;
			buildSettings = {
				ALWAYS_SEARCH_USER_PATHS = NO;
				CLANG_ANALYZER_NONNULL = YES;
				CLANG_ANALYZER_NUMBER_OBJECT_CONVERSION = YES_AGGRESSIVE;
				CLANG_CXX_LANGUAGE_STANDARD = "gnu++14";
				CLANG_CXX_LIBRARY = "libc++";
				CLANG_ENABLE_MODULES = YES;
				CLANG_ENABLE_OBJC_ARC = YES;
				CLANG_ENABLE_OBJC_WEAK = YES;
				CLANG_WARN_BLOCK_CAPTURE_AUTORELEASING = YES;
				CLANG_WARN_BOOL_CONVERSION = YES;
				CLANG_WARN_COMMA = YES;
				CLANG_WARN_CONSTANT_CONVERSION = YES;
				CLANG_WARN_DEPRECATED_OBJC_IMPLEMENTATIONS = YES;
				CLANG_WARN_DIRECT_OBJC_ISA_USAGE = YES_ERROR;
				CLANG_WARN_DOCUMENTATION_COMMENTS = YES;
				CLANG_WARN_EMPTY_BODY = YES;
				CLANG_WARN_ENUM_CONVERSION = YES;
				CLANG_WARN_INFINITE_RECURSION = YES;
				CLANG_WARN_INT_CONVERSION = YES;
				CLANG_WARN_NON_LITERAL_NULL_CONVERSION = YES;
				CLANG_WARN_OBJC_IMPLICIT_RETAIN_SELF = YES;
				CLANG_WARN_OBJC_LITERAL_CONVERSION = YES;
				CLANG_WARN_OBJC_ROOT_CLASS = YES_ERROR;
				CLANG_WARN_RANGE_LOOP_ANALYSIS = YES;
				CLANG_WARN_STRICT_PROTOTYPES = YES;
				CLANG_WARN_SUSPICIOUS_MOVE = YES;
				CLANG_WARN_UNGUARDED_AVAILABILITY = YES_AGGRESSIVE;
				CLANG_WARN_UNREACHABLE_CODE = YES;
				CLANG_WARN__DUPLICATE_METHOD_MATCH = YES;
				COPY_PHASE_STRIP = NO;
				DEBUG_INFORMATION_FORMAT = "dwarf-with-dsym";
				ENABLE_NS_ASSERTIONS = NO;
				ENABLE_STRICT_OBJC_MSGSEND = YES;
				GCC_C_LANGUAGE_STANDARD = gnu11;
				GCC_NO_COMMON_BLOCKS = YES;
				GCC_WARN_64_TO_32_BIT_CONVERSION = YES;
				GCC_WARN_ABOUT_RETURN_TYPE = YES_ERROR;
				GCC_WARN_UNDECLARED_SELECTOR = YES;
				GCC_WARN_UNINITIALIZED_AUTOS = YES_AGGRESSIVE;
				GCC_WARN_UNUSED_FUNCTION = YES;
				GCC_WARN_UNUSED_VARIABLE = YES;
				IPHONEOS_DEPLOYMENT_TARGET = 13.0;
				MTL_ENABLE_DEBUG_INFO = NO;
				MTL_FAST_MATH = YES;
				SDKROOT = iphoneos;
				SWIFT_COMPILATION_MODE = wholemodule;
				SWIFT_OPTIMIZATION_LEVEL = "-O";
				VALIDATE_PRODUCT = YES;
			};
			name = Release;
		};
		DDE1E1BC2391A026001E8E04 /* Debug */ = {
			isa = XCBuildConfiguration;
			baseConfigurationReference = 08D816FA0E20292D0836F778 /* Pods-IOSFinal1EV.debug.xcconfig */;
			buildSettings = {
				ASSETCATALOG_COMPILER_APPICON_NAME = AppIcon;
				CODE_SIGN_STYLE = Automatic;
				INFOPLIST_FILE = IOSFinal1EV/Info.plist;
				LD_RUNPATH_SEARCH_PATHS = (
					"$(inherited)",
					"@executable_path/Frameworks",
				);
				PRODUCT_BUNDLE_IDENTIFIER = com.manuespeso;
				PRODUCT_NAME = "$(TARGET_NAME)";
				SWIFT_VERSION = 5.0;
				TARGETED_DEVICE_FAMILY = "1,2";
			};
			name = Debug;
		};
		DDE1E1BD2391A026001E8E04 /* Release */ = {
			isa = XCBuildConfiguration;
			baseConfigurationReference = 937E8B6AB586E4D7E498AE34 /* Pods-IOSFinal1EV.release.xcconfig */;
			buildSettings = {
				ASSETCATALOG_COMPILER_APPICON_NAME = AppIcon;
				CODE_SIGN_STYLE = Automatic;
				INFOPLIST_FILE = IOSFinal1EV/Info.plist;
				LD_RUNPATH_SEARCH_PATHS = (
					"$(inherited)",
					"@executable_path/Frameworks",
				);
				PRODUCT_BUNDLE_IDENTIFIER = com.manuespeso;
				PRODUCT_NAME = "$(TARGET_NAME)";
				SWIFT_VERSION = 5.0;
				TARGETED_DEVICE_FAMILY = "1,2";
			};
			name = Release;
		};
/* End XCBuildConfiguration section */

/* Begin XCConfigurationList section */
		DDE1E1A22391A022001E8E04 /* Build configuration list for PBXProject "IOSFinal1EV" */ = {
			isa = XCConfigurationList;
			buildConfigurations = (
				DDE1E1B92391A026001E8E04 /* Debug */,
				DDE1E1BA2391A026001E8E04 /* Release */,
			);
			defaultConfigurationIsVisible = 0;
			defaultConfigurationName = Release;
		};
		DDE1E1BB2391A026001E8E04 /* Build configuration list for PBXNativeTarget "IOSFinal1EV" */ = {
			isa = XCConfigurationList;
			buildConfigurations = (
				DDE1E1BC2391A026001E8E04 /* Debug */,
				DDE1E1BD2391A026001E8E04 /* Release */,
			);
			defaultConfigurationIsVisible = 0;
			defaultConfigurationName = Release;
		};
/* End XCConfigurationList section */
	};
	rootObject = DDE1E19F2391A022001E8E04 /* Project object */;
}
